
Microsoft Visual Studio Solution File, Format Version 12.00
Project("{FAE04EC0-301F-11D3-BF4B-00C04F79EFBC}") = "EbaniyServer", "EbaniyServer\EbaniyServer.csproj", "{9E31838D-297B-42CB-9739-92780485973B}"
EndProject
Project("{FAE04EC0-301F-11D3-BF4B-00C04F79EFBC}") = "EbaniyWebClient", "EbaniyWebClient\EbaniyWebClient.csproj", "{69B52CCB-B1DC-458B-BF51-38AB6C49855D}"
EndProject
Global
	GlobalSection(SolutionConfigurationPlatforms) = preSolution
		Debug|Any CPU = Debug|Any CPU
		Release|Any CPU = Release|Any CPU
	EndGlobalSection
	GlobalSection(ProjectConfigurationPlatforms) = postSolution
		{9E31838D-297B-42CB-9739-92780485973B}.Debug|Any CPU.ActiveCfg = Debug|Any CPU
		{9E31838D-297B-42CB-9739-92780485973B}.Debug|Any CPU.Build.0 = Debug|Any CPU
		{9E31838D-297B-42CB-9739-92780485973B}.Release|Any CPU.ActiveCfg = Release|Any CPU
		{9E31838D-297B-42CB-9739-92780485973B}.Release|Any CPU.Build.0 = Release|Any CPU
		{69B52CCB-B1DC-458B-BF51-38AB6C49855D}.Debug|Any CPU.ActiveCfg = Debug|Any CPU
		{69B52CCB-B1DC-458B-BF51-38AB6C49855D}.Debug|Any CPU.Build.0 = Debug|Any CPU
		{69B52CCB-B1DC-458B-BF51-38AB6C49855D}.Release|Any CPU.ActiveCfg = Release|Any CPU
		{69B52CCB-B1DC-458B-BF51-38AB6C49855D}.Release|Any CPU.Build.0 = Release|Any CPU
	EndGlobalSection
EndGlobal
